
Microsoft Visual Studio Solution File, Format Version 12.00
# Visual Studio Version 17
VisualStudioVersion = 17.11.35327.3
MinimumVisualStudioVersion = 10.0.40219.1
Project("{8BC9CEB8-8B4A-11D0-8D11-00A0C91BC942}") = "thread18_thread_pool", "thread18_thread_pool\thread18_thread_pool.vcxproj", "{6F4AAC88-F772-4C0D-80B9-76039C5F9C95}"
EndProject
Global
	GlobalSection(SolutionConfigurationPlatforms) = preSolution
		Debug|x64 = Debug|x64
		Debug|x86 = Debug|x86
		Release|x64 = Release|x64
		Release|x86 = Release|x86
	EndGlobalSection
	GlobalSection(ProjectConfigurationPlatforms) = postSolution
		{6F4AAC88-F772-4C0D-80B9-76039C5F9C95}.Debug|x64.ActiveCfg = Debug|x64
		{6F4AAC88-F772-4C0D-80B9-76039C5F9C95}.Debug|x64.Build.0 = Debug|x64
		{6F4AAC88-F772-4C0D-80B9-76039C5F9C95}.Debug|x86.ActiveCfg = Debug|Win32
		{6F4AAC88-F772-4C0D-80B9-76039C5F9C95}.Debug|x86.Build.0 = Debug|Win32
		{6F4AAC88-F772-4C0D-80B9-76039C5F9C95}.Release|x64.ActiveCfg = Release|x64
		{6F4AAC88-F772-4C0D-80B9-76039C5F9C95}.Release|x64.Build.0 = Release|x64
		{6F4AAC88-F772-4C0D-80B9-76039C5F9C95}.Release|x86.ActiveCfg = Release|Win32
		{6F4AAC88-F772-4C0D-80B9-76039C5F9C95}.Release|x86.Build.0 = Release|Win32
	EndGlobalSection
	GlobalSection(SolutionProperties) = preSolution
		HideSolutionNode = FALSE
	EndGlobalSection
	GlobalSection(ExtensibilityGlobals) = postSolution
		SolutionGuid = {9C81E247-F9E8-41C3-985C-EF83B948F7C8}
	EndGlobalSection
EndGlobal
