
Microsoft Visual Studio Solution File, Format Version 12.00
# Visual Studio Version 17
VisualStudioVersion = 17.11.35327.3
MinimumVisualStudioVersion = 10.0.40219.1
Project("{8BC9CEB8-8B4A-11D0-8D11-00A0C91BC942}") = "QLineEdit", "QLineEdit\QLineEdit.vcxproj", "{F2ABA88D-80DA-4011-B8C3-C92EA540463A}"
EndProject
Global
	GlobalSection(SolutionConfigurationPlatforms) = preSolution
		Debug|x86 = Debug|x86
		Release|x86 = Release|x86
	EndGlobalSection
	GlobalSection(ProjectConfigurationPlatforms) = postSolution
		{F2ABA88D-80DA-4011-B8C3-C92EA540463A}.Debug|x86.ActiveCfg = Debug|Win32
		{F2ABA88D-80DA-4011-B8C3-C92EA540463A}.Debug|x86.Build.0 = Debug|Win32
		{F2ABA88D-80DA-4011-B8C3-C92EA540463A}.Release|x86.ActiveCfg = Release|Win32
		{F2ABA88D-80DA-4011-B8C3-C92EA540463A}.Release|x86.Build.0 = Release|Win32
	EndGlobalSection
	GlobalSection(SolutionProperties) = preSolution
		HideSolutionNode = FALSE
	EndGlobalSection
	GlobalSection(ExtensibilityGlobals) = postSolution
		SolutionGuid = {C6C25EDE-C443-4F6E-99F8-ADC9761278F0}
	EndGlobalSection
EndGlobal
